
Microsoft Visual Studio Solution File, Format Version 12.00
# Visual Studio Version 16
VisualStudioVersion = 16.0.31229.75
MinimumVisualStudioVersion = 10.0.40219.1
Project("{FAE04EC0-301F-11D3-BF4B-00C04F79EFBC}") = "ToDoApp", "ToDoApp.csproj", "{47127818-A4BB-48C2-AF9E-223A07E14351}"
EndProject
Global
	GlobalSection(SolutionConfigurationPlatforms) = preSolution
		Debug|Any CPU = Debug|Any CPU
		Release|Any CPU = Release|Any CPU
	EndGlobalSection
	GlobalSection(ProjectConfigurationPlatforms) = postSolution
		{47127818-A4BB-48C2-AF9E-223A07E14351}.Debug|Any CPU.ActiveCfg = Debug|Any CPU
		{47127818-A4BB-48C2-AF9E-223A07E14351}.Debug|Any CPU.Build.0 = Debug|Any CPU
		{47127818-A4BB-48C2-AF9E-223A07E14351}.Release|Any CPU.ActiveCfg = Release|Any CPU
		{47127818-A4BB-48C2-AF9E-223A07E14351}.Release|Any CPU.Build.0 = Release|Any CPU
	EndGlobalSection
	GlobalSection(SolutionProperties) = preSolution
		HideSolutionNode = FALSE
	EndGlobalSection
	GlobalSection(ExtensibilityGlobals) = postSolution
		SolutionGuid = {B55272F6-4E8E-4736-8E0E-2BD08B332A6B}
	EndGlobalSection
EndGlobal
